{
  "name": "activityinn-blog",
  "version": "1.0.0",
  "lockfileVersion": 1,
  "requires": true,
  "dependencies": {
    "activityinn": {
      "version": "0.1.0",
      "resolved": "https://registry.npmjs.org/activityinn/-/activityinn-0.1.0.tgz",
      "integrity": "sha512-y8cPqy4VGpn0A5tOxfsXxx2pyl8c0H/D0h4IeGi0Lm3FyRCjtEXZRtrS0jvuYyWkQzLeXgWZGSUhRp9YkrjXhw=="
    }
  }
}
